{
  "nodes": {
    "flake-utils": {
      "locked": {
        "lastModified": 1652776076,
        "narHash": "sha256-gzTw/v1vj4dOVbpBSJX4J0DwUR6LIyXo7/SuuTJp1kM=",
        "owner": "numtide",
        "repo": "flake-utils",
        "rev": "04c1b180862888302ddfb2e3ad9eaa63afc60cf8",
        "type": "github"
      },
      "original": {
        "owner": "numtide",
        "ref": "v1.0.0",
        "repo": "flake-utils",
        "type": "github"
      }
    },
    "nixos": {
      "locked": {
        "lastModified": 1695346609,
        "narHash": "sha256-jur+AjgRvablLA2oBvC4FD89zCXttVQDwi6OXk5x/14=",
        "owner": "NixOS",
        "repo": "nixpkgs",
        "rev": "e9b4b56e5a20ac322c0c01ccab7ec697ab076ea0",
        "type": "github"
      },
      "original": {
        "owner": "NixOS",
        "ref": "nixos-23.05",
        "repo": "nixpkgs",
        "type": "github"
      }
    },
    "pythoneda-shared-pythoneda-banner": {
      "inputs": {
        "flake-utils": [
          "flake-utils"
        ],
        "nixos": [
          "nixos"
        ]
      },
      "locked": {
        "lastModified": 1695895656,
        "narHash": "sha256-i9fB6rU0HkWzyooD1XEJ+i9r3dJ8qIEHwbrs+s8pjsA=",
        "owner": "pythoneda-shared-pythoneda",
        "repo": "banner",
        "rev": "02f5f55e298acc24635ef7e87be7f1b99f28ea5d",
        "type": "github"
      },
      "original": {
        "owner": "pythoneda-shared-pythoneda",
        "ref": "0.0.2",
        "repo": "banner",
        "type": "github"
      }
    },
    "pythoneda-shared-pythoneda-domain": {
      "inputs": {
        "flake-utils": [
          "flake-utils"
        ],
        "nixos": [
          "nixos"
        ],
        "pythoneda-shared-pythoneda-banner": [
          "pythoneda-shared-pythoneda-banner"
        ]
      },
      "locked": {
        "dir": "domain",
        "lastModified": 1695895796,
        "narHash": "sha256-rdv4RIVS7KDTBvAaTb9t9XQmBZxc+T9SeavfnbXI1c8=",
        "owner": "pythoneda-shared-pythoneda",
        "repo": "domain-artifact",
        "rev": "f78cf79516071a25a5957274a4d81c715c32b0d8",
        "type": "github"
      },
      "original": {
        "dir": "domain",
        "owner": "pythoneda-shared-pythoneda",
        "ref": "0.0.2",
        "repo": "domain-artifact",
        "type": "github"
      }
    },
    "root": {
      "inputs": {
        "flake-utils": "flake-utils",
        "nixos": "nixos",
        "pythoneda-shared-pythoneda-banner": "pythoneda-shared-pythoneda-banner",
        "pythoneda-shared-pythoneda-domain": "pythoneda-shared-pythoneda-domain"
      }
    }
  },
  "root": "root",
  "version": 7
}
